{
  "nodes": {
    "flake-utils": {
      "locked": {
        "lastModified": 1620759905,
        "narHash": "sha256-WiyWawrgmyN0EdmiHyG2V+fqReiVi8bM9cRdMaKQOFg=",
        "owner": "numtide",
        "repo": "flake-utils",
        "rev": "b543720b25df6ffdfcf9227afafc5b8c1fabfae8",
        "type": "github"
      },
      "original": {
        "owner": "numtide",
        "repo": "flake-utils",
        "type": "github"
      }
    },
    "flake-utils_2": {
      "locked": {
        "lastModified": 1617631617,
        "narHash": "sha256-PARRCz55qN3gy07VJZIlFeOX420d0nGF0RzGI/9hVlw=",
        "owner": "numtide",
        "repo": "flake-utils",
        "rev": "b2c27d1a81b0dc266270fa8aeecebbd1807fc610",
        "type": "github"
      },
      "original": {
        "owner": "numtide",
        "repo": "flake-utils",
        "type": "github"
      }
    },
    "lx2k-nix": {
      "inputs": {
        "nixos": "nixos"
      },
      "locked": {
        "lastModified": 1638123457,
        "narHash": "sha256-6q++PWMwsuVazpCeZpqc2fAz0n0EVU0h4QyY+YPUyL4=",
        "owner": "hoverbear-consulting",
        "repo": "lx2k-nix",
        "rev": "6486498f90c0f587d55118e799698d557ba37a8a",
        "type": "github"
      },
      "original": {
        "owner": "hoverbear-consulting",
        "ref": "flake-bump",
        "repo": "lx2k-nix",
        "type": "github"
      }
    },
    "nix-direnv": {
      "inputs": {
        "flake-utils": "flake-utils",
        "nixpkgs": [
          "nixpkgs"
        ]
      },
      "locked": {
        "lastModified": 1624636962,
        "narHash": "sha256-5g50wkRDtaePhKb0IbCSmGrjtrmw0qxpWYakuCh4w7I=",
        "owner": "hoverbear",
        "repo": "nix-direnv",
        "rev": "d3ac9914f2d6a53d6ae30b1c3df92b77968386d4",
        "type": "github"
      },
      "original": {
        "owner": "hoverbear",
        "ref": "merged",
        "repo": "nix-direnv",
        "type": "github"
      }
    },
    "nixos": {
      "locked": {
        "lastModified": 1617899217,
        "narHash": "sha256-gd5JHH7IkeoIQ/oiGZSqDpGdGt7DMRJTQ8JiD8+hdOQ=",
        "owner": "NixOS",
        "repo": "nixpkgs",
        "rev": "9e377a6ce42dccd9b624ae4ce8f978dc892ba0e2",
        "type": "github"
      },
      "original": {
        "owner": "NixOS",
        "ref": "nixos-unstable",
        "repo": "nixpkgs",
        "type": "github"
      }
    },
    "nixos-wsl": {
      "inputs": {
        "flake-utils": "flake-utils_2",
        "nixpkgs": [
          "nixpkgs"
        ]
      },
      "locked": {
        "lastModified": 1640738012,
        "narHash": "sha256-qKl5oF/XOntvz+Z8gcZYxSv6kQZIBXES3yGJOt+uRT8=",
        "owner": "hoverbear-consulting",
        "repo": "NixOS-WSL",
        "rev": "7097fb26010f0a2ed5ef8cc53a51ffa970be5e72",
        "type": "github"
      },
      "original": {
        "owner": "hoverbear-consulting",
        "ref": "master",
        "repo": "NixOS-WSL",
        "type": "github"
      }
    },
    "nixpkgs": {
      "locked": {
        "lastModified": 1641016545,
        "narHash": "sha256-JMNwvnBzG0RjGG3eH27Y5/GlJ9ryeCdGJfqGbqxnmZY=",
        "owner": "NixOS",
        "repo": "nixpkgs",
        "rev": "6f05cfdb1e78d36c0337516df674560e4b51c79b",
        "type": "github"
      },
      "original": {
        "owner": "NixOS",
        "ref": "nixpkgs-unstable",
        "repo": "nixpkgs",
        "type": "github"
      }
    },
    "root": {
      "inputs": {
        "lx2k-nix": "lx2k-nix",
        "nix-direnv": "nix-direnv",
        "nixos-wsl": "nixos-wsl",
        "nixpkgs": "nixpkgs"
      }
    }
  },
  "root": "root",
  "version": 7
}
