{
  "nodes": {
    "flake-utils": {
      "locked": {
        "lastModified": 1610051610,
        "narHash": "sha256-U9rPz/usA1/Aohhk7Cmc2gBrEEKRzcW4nwPWMPwja4Y=",
        "owner": "numtide",
        "repo": "flake-utils",
        "rev": "3982c9903e93927c2164caa727cd3f6a0e6d14cc",
        "type": "github"
      },
      "original": {
        "owner": "numtide",
        "repo": "flake-utils",
        "type": "github"
      }
    },
    "lx2k-nix": {
      "inputs": {
        "nixos": "nixos"
      },
      "locked": {
        "lastModified": 1621570568,
        "narHash": "sha256-7sT/jxV7Z6AuZrrStM6J6jefmQ5IthFlNp036WYT6/Q=",
        "owner": "hoverbear-consulting",
        "repo": "lx2k-nix",
        "rev": "593f9d5651c49714a66e2e6eca3b566f64f73523",
        "type": "github"
      },
      "original": {
        "owner": "hoverbear-consulting",
        "ref": "flake",
        "repo": "lx2k-nix",
        "type": "github"
      }
    },
    "nixos": {
      "locked": {
        "lastModified": 1617899217,
        "narHash": "sha256-gd5JHH7IkeoIQ/oiGZSqDpGdGt7DMRJTQ8JiD8+hdOQ=",
        "owner": "NixOS",
        "repo": "nixpkgs",
        "rev": "9e377a6ce42dccd9b624ae4ce8f978dc892ba0e2",
        "type": "github"
      },
      "original": {
        "owner": "NixOS",
        "ref": "nixos-unstable",
        "repo": "nixpkgs",
        "type": "github"
      }
    },
    "nixos-wsl": {
      "inputs": {
        "flake-utils": "flake-utils",
        "nixpkgs": [
          "nixpkgs"
        ]
      },
      "locked": {
        "lastModified": 1615951654,
        "narHash": "sha256-IFV4Xl+r92RwaevKTJIUVo/OLMdjlHQTkidnu0noY0M=",
        "owner": "hoverbear-consulting",
        "repo": "NixOS-WSL",
        "rev": "f5d18400a2a8a2761f7121617d1ed3aff16b6c33",
        "type": "github"
      },
      "original": {
        "owner": "hoverbear-consulting",
        "ref": "modularize",
        "repo": "NixOS-WSL",
        "type": "github"
      }
    },
    "nixpkgs": {
      "locked": {
        "lastModified": 1620838695,
        "narHash": "sha256-Eb3xr6aWt3lF8BgmZCgVJXy/ArmudeJXONGSqaSLfP0=",
        "owner": "NixOS",
        "repo": "nixpkgs",
        "rev": "acd49fab8ece11a89ef8ee49903e1cd7bb50f4b7",
        "type": "github"
      },
      "original": {
        "owner": "NixOS",
        "ref": "nixpkgs-unstable",
        "repo": "nixpkgs",
        "type": "github"
      }
    },
    "root": {
      "inputs": {
        "lx2k-nix": "lx2k-nix",
        "nixos-wsl": "nixos-wsl",
        "nixpkgs": "nixpkgs"
      }
    }
  },
  "root": "root",
  "version": 7
}
